
Microsoft Visual Studio Solution File, Format Version 12.00
# Visual Studio 15
VisualStudioVersion = 15.0.28307.902
MinimumVisualStudioVersion = 10.0.40219.1
Project("{FAE04EC0-301F-11D3-BF4B-00C04F79EFBC}") = "WebApiOauth2", "WebApiOauth2\WebApiOauth2.csproj", "{78FCEA85-2C60-4DE8-9194-C9F3FCF774DA}"
EndProject
Project("{FAE04EC0-301F-11D3-BF4B-00C04F79EFBC}") = "MVC", "..\MVC\MVC\MVC.csproj", "{0325C9ED-D818-4CCB-BDA7-EB8D70514592}"
EndProject
Global
	GlobalSection(SolutionConfigurationPlatforms) = preSolution
		Debug|Any CPU = Debug|Any CPU
		Release|Any CPU = Release|Any CPU
	EndGlobalSection
	GlobalSection(ProjectConfigurationPlatforms) = postSolution
		{78FCEA85-2C60-4DE8-9194-C9F3FCF774DA}.Debug|Any CPU.ActiveCfg = Debug|Any CPU
		{78FCEA85-2C60-4DE8-9194-C9F3FCF774DA}.Debug|Any CPU.Build.0 = Debug|Any CPU
		{78FCEA85-2C60-4DE8-9194-C9F3FCF774DA}.Release|Any CPU.ActiveCfg = Release|Any CPU
		{78FCEA85-2C60-4DE8-9194-C9F3FCF774DA}.Release|Any CPU.Build.0 = Release|Any CPU
		{0325C9ED-D818-4CCB-BDA7-EB8D70514592}.Debug|Any CPU.ActiveCfg = Debug|Any CPU
		{0325C9ED-D818-4CCB-BDA7-EB8D70514592}.Debug|Any CPU.Build.0 = Debug|Any CPU
		{0325C9ED-D818-4CCB-BDA7-EB8D70514592}.Release|Any CPU.ActiveCfg = Release|Any CPU
		{0325C9ED-D818-4CCB-BDA7-EB8D70514592}.Release|Any CPU.Build.0 = Release|Any CPU
	EndGlobalSection
	GlobalSection(SolutionProperties) = preSolution
		HideSolutionNode = FALSE
	EndGlobalSection
	GlobalSection(ExtensibilityGlobals) = postSolution
		SolutionGuid = {14106370-A9E8-4313-A60A-153EBECFDD04}
	EndGlobalSection
EndGlobal
